
Microsoft Visual Studio Solution File, Format Version 12.00
# Visual Studio Version 16
VisualStudioVersion = 16.0.31729.503
MinimumVisualStudioVersion = 10.0.40219.1
Project("{FAE04EC0-301F-11D3-BF4B-00C04F79EFBC}") = "zadanie testowe", "zadanie testowe\zadanie testowe.csproj", "{455B2DB7-FE81-4286-9F1C-B0618DCEA3EC}"
EndProject
Global
	GlobalSection(SolutionConfigurationPlatforms) = preSolution
		Debug|Any CPU = Debug|Any CPU
		Release|Any CPU = Release|Any CPU
	EndGlobalSection
	GlobalSection(ProjectConfigurationPlatforms) = postSolution
		{455B2DB7-FE81-4286-9F1C-B0618DCEA3EC}.Debug|Any CPU.ActiveCfg = Debug|Any CPU
		{455B2DB7-FE81-4286-9F1C-B0618DCEA3EC}.Debug|Any CPU.Build.0 = Debug|Any CPU
		{455B2DB7-FE81-4286-9F1C-B0618DCEA3EC}.Release|Any CPU.ActiveCfg = Release|Any CPU
		{455B2DB7-FE81-4286-9F1C-B0618DCEA3EC}.Release|Any CPU.Build.0 = Release|Any CPU
	EndGlobalSection
	GlobalSection(SolutionProperties) = preSolution
		HideSolutionNode = FALSE
	EndGlobalSection
	GlobalSection(ExtensibilityGlobals) = postSolution
		SolutionGuid = {64E7AC94-A71B-445B-9820-77F658C602A3}
	EndGlobalSection
EndGlobal
